
Microsoft Visual Studio Solution File, Format Version 12.00
# Visual Studio Version 17
VisualStudioVersion = 17.11.35327.3
MinimumVisualStudioVersion = 10.0.40219.1
Project("{FAE04EC0-301F-11D3-BF4B-00C04F79EFBC}") = "Day 03", "Day 03.csproj", "{93E04B62-CB9A-4EEE-A8DC-98776150B1A3}"
EndProject
Global
	GlobalSection(SolutionConfigurationPlatforms) = preSolution
		Debug|Any CPU = Debug|Any CPU
		Release|Any CPU = Release|Any CPU
	EndGlobalSection
	GlobalSection(ProjectConfigurationPlatforms) = postSolution
		{93E04B62-CB9A-4EEE-A8DC-98776150B1A3}.Debug|Any CPU.ActiveCfg = Debug|Any CPU
		{93E04B62-CB9A-4EEE-A8DC-98776150B1A3}.Debug|Any CPU.Build.0 = Debug|Any CPU
		{93E04B62-CB9A-4EEE-A8DC-98776150B1A3}.Release|Any CPU.ActiveCfg = Release|Any CPU
		{93E04B62-CB9A-4EEE-A8DC-98776150B1A3}.Release|Any CPU.Build.0 = Release|Any CPU
	EndGlobalSection
	GlobalSection(SolutionProperties) = preSolution
		HideSolutionNode = FALSE
	EndGlobalSection
	GlobalSection(ExtensibilityGlobals) = postSolution
		SolutionGuid = {F70F210B-04BB-4871-A779-7905B4D53E3E}
	EndGlobalSection
EndGlobal
